// !$*UTF8*$!
{
	archiveVersion = 1;
	classes = {
	};
	objectVersion = 51;
	objects = {

/* Begin PBXBuildFile section */
		22FDF753B435C4E1814A4AAE /* Pods_design.framework in Frameworks */ = {isa = PBXBuildFile; fileRef = 2AE6FE5027FE11D1494762F3 /* Pods_design.framework */; };
		6077325324AEFA7100192576 /* AppDelegate.m in Sources */ = {isa = PBXBuildFile; fileRef = 6077325224AEFA7100192576 /* AppDelegate.m */; };
		6077325624AEFA7100192576 /* SceneDelegate.m in Sources */ = {isa = PBXBuildFile; fileRef = 6077325524AEFA7100192576 /* SceneDelegate.m */; };
		6077325924AEFA7100192576 /* ViewController.m in Sources */ = {isa = PBXBuildFile; fileRef = 6077325824AEFA7100192576 /* ViewController.m */; };
		6077325C24AEFA7100192576 /* Main.storyboard in Resources */ = {isa = PBXBuildFile; fileRef = 6077325A24AEFA7100192576 /* Main.storyboard */; };
		6077325E24AEFA7300192576 /* Assets.xcassets in Resources */ = {isa = PBXBuildFile; fileRef = 6077325D24AEFA7300192576 /* Assets.xcassets */; };
		6077326124AEFA7300192576 /* LaunchScreen.storyboard in Resources */ = {isa = PBXBuildFile; fileRef = 6077325F24AEFA7300192576 /* LaunchScreen.storyboard */; };
		6077326424AEFA7300192576 /* main.m in Sources */ = {isa = PBXBuildFile; fileRef = 6077326324AEFA7300192576 /* main.m */; };
		607732A324B6CBDB00192576 /* ProjectScheduleTVC.m in Sources */ = {isa = PBXBuildFile; fileRef = 607732A224B6CBDB00192576 /* ProjectScheduleTVC.m */; };
		607732A624B70E5100192576 /* ConceptSchemeListVC.m in Sources */ = {isa = PBXBuildFile; fileRef = 607732A524B70E5000192576 /* ConceptSchemeListVC.m */; };
		607732A924B7156D00192576 /* Configure.m in Sources */ = {isa = PBXBuildFile; fileRef = 607732A824B7156D00192576 /* Configure.m */; };
		607732B724B71D2900192576 /* MBProgressHUD+PW.xcassets in Resources */ = {isa = PBXBuildFile; fileRef = 607732B224B71D2800192576 /* MBProgressHUD+PW.xcassets */; };
		607732B824B71D2900192576 /* MBProgressHUD.m in Sources */ = {isa = PBXBuildFile; fileRef = 607732B324B71D2800192576 /* MBProgressHUD.m */; };
		607732B924B71D2900192576 /* MBProgressHUD+PW.m in Sources */ = {isa = PBXBuildFile; fileRef = 607732B424B71D2800192576 /* MBProgressHUD+PW.m */; };
		607732C924B71DA700192576 /* AFURLResponseSerialization.m in Sources */ = {isa = PBXBuildFile; fileRef = 607732BF24B71DA700192576 /* AFURLResponseSerialization.m */; };
		607732CA24B71DA700192576 /* AFHTTPSessionManager.m in Sources */ = {isa = PBXBuildFile; fileRef = 607732C024B71DA700192576 /* AFHTTPSessionManager.m */; };
		607732CB24B71DA700192576 /* AFURLSessionManager.m in Sources */ = {isa = PBXBuildFile; fileRef = 607732C224B71DA700192576 /* AFURLSessionManager.m */; };
		607732CC24B71DA700192576 /* AFURLRequestSerialization.m in Sources */ = {isa = PBXBuildFile; fileRef = 607732C324B71DA700192576 /* AFURLRequestSerialization.m */; };
		607732CD24B71DA700192576 /* AFNetworkReachabilityManager.m in Sources */ = {isa = PBXBuildFile; fileRef = 607732C524B71DA700192576 /* AFNetworkReachabilityManager.m */; };
		607732CE24B71DA700192576 /* AFSecurityPolicy.m in Sources */ = {isa = PBXBuildFile; fileRef = 607732C624B71DA700192576 /* AFSecurityPolicy.m */; };
		607732D124B71DCC00192576 /* NetworkRequest.m in Sources */ = {isa = PBXBuildFile; fileRef = 607732CF24B71DCC00192576 /* NetworkRequest.m */; };
		607732D424B71DEA00192576 /* ServerApi.m in Sources */ = {isa = PBXBuildFile; fileRef = 607732D324B71DEA00192576 /* ServerApi.m */; };
		607732D724B810F600192576 /* SoftLoadingListVC.m in Sources */ = {isa = PBXBuildFile; fileRef = 607732D624B810F600192576 /* SoftLoadingListVC.m */; };
		607732DA24B8131B00192576 /* SoftLoadingNameCVC.m in Sources */ = {isa = PBXBuildFile; fileRef = 607732D924B8131B00192576 /* SoftLoadingNameCVC.m */; };
		607732DD24B85ED300192576 /* ProjectScheduleVC.m in Sources */ = {isa = PBXBuildFile; fileRef = 607732DC24B85ED300192576 /* ProjectScheduleVC.m */; };
		607732FE24B863CC00192576 /* FSCalendarCollectionView.m in Sources */ = {isa = PBXBuildFile; fileRef = 607732DF24B863CB00192576 /* FSCalendarCollectionView.m */; };
		607732FF24B863CC00192576 /* FSCalendarDelegationProxy.m in Sources */ = {isa = PBXBuildFile; fileRef = 607732E224B863CB00192576 /* FSCalendarDelegationProxy.m */; };
		6077330024B863CC00192576 /* FSCalendarDelegationFactory.m in Sources */ = {isa = PBXBuildFile; fileRef = 607732E424B863CB00192576 /* FSCalendarDelegationFactory.m */; };
		6077330124B863CC00192576 /* FSCalendarCell.m in Sources */ = {isa = PBXBuildFile; fileRef = 607732EB24B863CB00192576 /* FSCalendarCell.m */; };
		6077330224B863CC00192576 /* FSCalendarStickyHeader.m in Sources */ = {isa = PBXBuildFile; fileRef = 607732EC24B863CB00192576 /* FSCalendarStickyHeader.m */; };
		6077330324B863CC00192576 /* FSCalendar.m in Sources */ = {isa = PBXBuildFile; fileRef = 607732ED24B863CB00192576 /* FSCalendar.m */; };
		6077330424B863CC00192576 /* FSCalendarCollectionViewLayout.m in Sources */ = {isa = PBXBuildFile; fileRef = 607732EE24B863CB00192576 /* FSCalendarCollectionViewLayout.m */; };
		6077330524B863CC00192576 /* FSCalendarWeekdayView.m in Sources */ = {isa = PBXBuildFile; fileRef = 607732EF24B863CB00192576 /* FSCalendarWeekdayView.m */; };
		6077330624B863CC00192576 /* FSCalendarSeparatorDecorationView.m in Sources */ = {isa = PBXBuildFile; fileRef = 607732F224B863CB00192576 /* FSCalendarSeparatorDecorationView.m */; };
		6077330724B863CC00192576 /* FSCalendarExtensions.m in Sources */ = {isa = PBXBuildFile; fileRef = 607732F424B863CB00192576 /* FSCalendarExtensions.m */; };
		6077330824B863CC00192576 /* FSCalendarConstants.m in Sources */ = {isa = PBXBuildFile; fileRef = 607732F624B863CB00192576 /* FSCalendarConstants.m */; };
		6077330924B863CC00192576 /* FSCalendarCalculator.m in Sources */ = {isa = PBXBuildFile; fileRef = 607732F724B863CB00192576 /* FSCalendarCalculator.m */; };
		6077330A24B863CC00192576 /* FSCalendarHeaderView.m in Sources */ = {isa = PBXBuildFile; fileRef = 607732F824B863CB00192576 /* FSCalendarHeaderView.m */; };
		6077330B24B863CC00192576 /* FSCalendarTransitionCoordinator.m in Sources */ = {isa = PBXBuildFile; fileRef = 607732FC24B863CB00192576 /* FSCalendarTransitionCoordinator.m */; };
		6077330C24B863CC00192576 /* FSCalendarAppearance.m in Sources */ = {isa = PBXBuildFile; fileRef = 607732FD24B863CB00192576 /* FSCalendarAppearance.m */; };
		6077331224BAB2B700192576 /* PlanListTVC.m in Sources */ = {isa = PBXBuildFile; fileRef = 6077331124BAB2B700192576 /* PlanListTVC.m */; };
		6077331B24BAD16200192576 /* ResponseObjectModel.m in Sources */ = {isa = PBXBuildFile; fileRef = 6077331A24BAD16200192576 /* ResponseObjectModel.m */; };
		60ADEDDD24B4ABE400629EC3 /* LoginTableViewController.m in Sources */ = {isa = PBXBuildFile; fileRef = 60ADEDDC24B4ABE400629EC3 /* LoginTableViewController.m */; };
		60ADEDE024B4BE6F00629EC3 /* MineProjectTVC.m in Sources */ = {isa = PBXBuildFile; fileRef = 60ADEDDF24B4BE6F00629EC3 /* MineProjectTVC.m */; };
		60ADEDE424B4C1B700629EC3 /* UIView+Extension.m in Sources */ = {isa = PBXBuildFile; fileRef = 60ADEDE324B4C1B700629EC3 /* UIView+Extension.m */; };
		60ADEDE724B4C88900629EC3 /* HomePageBtnsTVC.m in Sources */ = {isa = PBXBuildFile; fileRef = 60ADEDE624B4C88900629EC3 /* HomePageBtnsTVC.m */; };
		60B4FA9D24B753710072FEE7 /* LoadingFileTVC.m in Sources */ = {isa = PBXBuildFile; fileRef = 60B4FA9C24B753710072FEE7 /* LoadingFileTVC.m */; };
		60B4FAA024B759DE0072FEE7 /* PersonInfoModel.m in Sources */ = {isa = PBXBuildFile; fileRef = 60B4FA9F24B759DE0072FEE7 /* PersonInfoModel.m */; };
		60B4FAA324B75C830072FEE7 /* ConceptSchemeHistoryListVC.m in Sources */ = {isa = PBXBuildFile; fileRef = 60B4FAA224B75C830072FEE7 /* ConceptSchemeHistoryListVC.m */; };
		60E7EB5E24B358CC0056A252 /* RootTabBarContro.m in Sources */ = {isa = PBXBuildFile; fileRef = 60E7EB5C24B358CC0056A252 /* RootTabBarContro.m */; };
		60E7EB6124B359810056A252 /* HomePageListNavigationController.m in Sources */ = {isa = PBXBuildFile; fileRef = 60E7EB6024B359810056A252 /* HomePageListNavigationController.m */; };
		60E7EB6424B359A00056A252 /* HomePageListVC.m in Sources */ = {isa = PBXBuildFile; fileRef = 60E7EB6324B359A00056A252 /* HomePageListVC.m */; };
		60E7EB6824B359CA0056A252 /* ScheduleNavigationController.m in Sources */ = {isa = PBXBuildFile; fileRef = 60E7EB6724B359CA0056A252 /* ScheduleNavigationController.m */; };
		60E7EB6B24B359EF0056A252 /* ScheduleVC.m in Sources */ = {isa = PBXBuildFile; fileRef = 60E7EB6A24B359EF0056A252 /* ScheduleVC.m */; };
		60E7EB6E24B35A100056A252 /* AddressBookNavigationController.m in Sources */ = {isa = PBXBuildFile; fileRef = 60E7EB6D24B35A100056A252 /* AddressBookNavigationController.m */; };
		60E7EB7124B35A2F0056A252 /* AddressBookVC.m in Sources */ = {isa = PBXBuildFile; fileRef = 60E7EB7024B35A2F0056A252 /* AddressBookVC.m */; };
		60E7EB7424B35A490056A252 /* MineNavigationController.m in Sources */ = {isa = PBXBuildFile; fileRef = 60E7EB7324B35A490056A252 /* MineNavigationController.m */; };
		60E7EB7724B35A5E0056A252 /* MineVC.m in Sources */ = {isa = PBXBuildFile; fileRef = 60E7EB7624B35A5E0056A252 /* MineVC.m */; };
/* End PBXBuildFile section */

/* Begin PBXFileReference section */
		11173E853284B6A9AEC231A4 /* Pods-design.release.xcconfig */ = {isa = PBXFileReference; includeInIndex = 1; lastKnownFileType = text.xcconfig; name = "Pods-design.release.xcconfig"; path = "Target Support Files/Pods-design/Pods-design.release.xcconfig"; sourceTree = "<group>"; };
		2AE6FE5027FE11D1494762F3 /* Pods_design.framework */ = {isa = PBXFileReference; explicitFileType = wrapper.framework; includeInIndex = 0; path = Pods_design.framework; sourceTree = BUILT_PRODUCTS_DIR; };
		592A576F26DE123A44C55432 /* Pods-design.debug.xcconfig */ = {isa = PBXFileReference; includeInIndex = 1; lastKnownFileType = text.xcconfig; name = "Pods-design.debug.xcconfig"; path = "Target Support Files/Pods-design/Pods-design.debug.xcconfig"; sourceTree = "<group>"; };
		6077324E24AEFA7100192576 /* design.app */ = {isa = PBXFileReference; explicitFileType = wrapper.application; includeInIndex = 0; path = design.app; sourceTree = BUILT_PRODUCTS_DIR; };
		6077325124AEFA7100192576 /* AppDelegate.h */ = {isa = PBXFileReference; lastKnownFileType = sourcecode.c.h; path = AppDelegate.h; sourceTree = "<group>"; };
		6077325224AEFA7100192576 /* AppDelegate.m */ = {isa = PBXFileReference; lastKnownFileType = sourcecode.c.objc; path = AppDelegate.m; sourceTree = "<group>"; };
		6077325424AEFA7100192576 /* SceneDelegate.h */ = {isa = PBXFileReference; lastKnownFileType = sourcecode.c.h; path = SceneDelegate.h; sourceTree = "<group>"; };
		6077325524AEFA7100192576 /* SceneDelegate.m */ = {isa = PBXFileReference; lastKnownFileType = sourcecode.c.objc; path = SceneDelegate.m; sourceTree = "<group>"; };
		6077325724AEFA7100192576 /* ViewController.h */ = {isa = PBXFileReference; lastKnownFileType = sourcecode.c.h; path = ViewController.h; sourceTree = "<group>"; };
		6077325824AEFA7100192576 /* ViewController.m */ = {isa = PBXFileReference; lastKnownFileType = sourcecode.c.objc; path = ViewController.m; sourceTree = "<group>"; };
		6077325B24AEFA7100192576 /* Base */ = {isa = PBXFileReference; lastKnownFileType = file.storyboard; name = Base; path = Base.lproj/Main.storyboard; sourceTree = "<group>"; };
		6077325D24AEFA7300192576 /* Assets.xcassets */ = {isa = PBXFileReference; lastKnownFileType = folder.assetcatalog; path = Assets.xcassets; sourceTree = "<group>"; };
		6077326024AEFA7300192576 /* Base */ = {isa = PBXFileReference; lastKnownFileType = file.storyboard; name = Base; path = Base.lproj/LaunchScreen.storyboard; sourceTree = "<group>"; };
		6077326224AEFA7300192576 /* Info.plist */ = {isa = PBXFileReference; lastKnownFileType = text.plist.xml; path = Info.plist; sourceTree = "<group>"; };
		6077326324AEFA7300192576 /* main.m */ = {isa = PBXFileReference; lastKnownFileType = sourcecode.c.objc; path = main.m; sourceTree = "<group>"; };
		607732A124B6CBDB00192576 /* ProjectScheduleTVC.h */ = {isa = PBXFileReference; lastKnownFileType = sourcecode.c.h; path = ProjectScheduleTVC.h; sourceTree = "<group>"; };
		607732A224B6CBDB00192576 /* ProjectScheduleTVC.m */ = {isa = PBXFileReference; lastKnownFileType = sourcecode.c.objc; path = ProjectScheduleTVC.m; sourceTree = "<group>"; };
		607732A424B70E5000192576 /* ConceptSchemeListVC.h */ = {isa = PBXFileReference; lastKnownFileType = sourcecode.c.h; path = ConceptSchemeListVC.h; sourceTree = "<group>"; };
		607732A524B70E5000192576 /* ConceptSchemeListVC.m */ = {isa = PBXFileReference; lastKnownFileType = sourcecode.c.objc; path = ConceptSchemeListVC.m; sourceTree = "<group>"; };
		607732A724B7156D00192576 /* Configure.h */ = {isa = PBXFileReference; lastKnownFileType = sourcecode.c.h; path = Configure.h; sourceTree = "<group>"; };
		607732A824B7156D00192576 /* Configure.m */ = {isa = PBXFileReference; lastKnownFileType = sourcecode.c.objc; path = Configure.m; sourceTree = "<group>"; };
		607732B224B71D2800192576 /* MBProgressHUD+PW.xcassets */ = {isa = PBXFileReference; lastKnownFileType = folder.assetcatalog; path = "MBProgressHUD+PW.xcassets"; sourceTree = "<group>"; };
		607732B324B71D2800192576 /* MBProgressHUD.m */ = {isa = PBXFileReference; fileEncoding = 4; lastKnownFileType = sourcecode.c.objc; path = MBProgressHUD.m; sourceTree = "<group>"; };
		607732B424B71D2800192576 /* MBProgressHUD+PW.m */ = {isa = PBXFileReference; fileEncoding = 4; lastKnownFileType = sourcecode.c.objc; path = "MBProgressHUD+PW.m"; sourceTree = "<group>"; };
		607732B524B71D2800192576 /* MBProgressHUD.h */ = {isa = PBXFileReference; fileEncoding = 4; lastKnownFileType = sourcecode.c.h; path = MBProgressHUD.h; sourceTree = "<group>"; };
		607732B624B71D2800192576 /* MBProgressHUD+PW.h */ = {isa = PBXFileReference; fileEncoding = 4; lastKnownFileType = sourcecode.c.h; path = "MBProgressHUD+PW.h"; sourceTree = "<group>"; };
		607732BB24B71DA700192576 /* AFSecurityPolicy.h */ = {isa = PBXFileReference; fileEncoding = 4; lastKnownFileType = sourcecode.c.h; path = AFSecurityPolicy.h; sourceTree = "<group>"; };
		607732BC24B71DA700192576 /* AFNetworkReachabilityManager.h */ = {isa = PBXFileReference; fileEncoding = 4; lastKnownFileType = sourcecode.c.h; path = AFNetworkReachabilityManager.h; sourceTree = "<group>"; };
		607732BD24B71DA700192576 /* AFURLSessionManager.h */ = {isa = PBXFileReference; fileEncoding = 4; lastKnownFileType = sourcecode.c.h; path = AFURLSessionManager.h; sourceTree = "<group>"; };
		607732BE24B71DA700192576 /* AFURLRequestSerialization.h */ = {isa = PBXFileReference; fileEncoding = 4; lastKnownFileType = sourcecode.c.h; path = AFURLRequestSerialization.h; sourceTree = "<group>"; };
		607732BF24B71DA700192576 /* AFURLResponseSerialization.m */ = {isa = PBXFileReference; fileEncoding = 4; lastKnownFileType = sourcecode.c.objc; path = AFURLResponseSerialization.m; sourceTree = "<group>"; };
		607732C024B71DA700192576 /* AFHTTPSessionManager.m */ = {isa = PBXFileReference; fileEncoding = 4; lastKnownFileType = sourcecode.c.objc; path = AFHTTPSessionManager.m; sourceTree = "<group>"; };
		607732C124B71DA700192576 /* AFURLResponseSerialization.h */ = {isa = PBXFileReference; fileEncoding = 4; lastKnownFileType = sourcecode.c.h; path = AFURLResponseSerialization.h; sourceTree = "<group>"; };
		607732C224B71DA700192576 /* AFURLSessionManager.m */ = {isa = PBXFileReference; fileEncoding = 4; lastKnownFileType = sourcecode.c.objc; path = AFURLSessionManager.m; sourceTree = "<group>"; };
		607732C324B71DA700192576 /* AFURLRequestSerialization.m */ = {isa = PBXFileReference; fileEncoding = 4; lastKnownFileType = sourcecode.c.objc; path = AFURLRequestSerialization.m; sourceTree = "<group>"; };
		607732C424B71DA700192576 /* AFNetworking.h */ = {isa = PBXFileReference; fileEncoding = 4; lastKnownFileType = sourcecode.c.h; path = AFNetworking.h; sourceTree = "<group>"; };
		607732C524B71DA700192576 /* AFNetworkReachabilityManager.m */ = {isa = PBXFileReference; fileEncoding = 4; lastKnownFileType = sourcecode.c.objc; path = AFNetworkReachabilityManager.m; sourceTree = "<group>"; };
		607732C624B71DA700192576 /* AFSecurityPolicy.m */ = {isa = PBXFileReference; fileEncoding = 4; lastKnownFileType = sourcecode.c.objc; path = AFSecurityPolicy.m; sourceTree = "<group>"; };
		607732C724B71DA700192576 /* AFCompatibilityMacros.h */ = {isa = PBXFileReference; fileEncoding = 4; lastKnownFileType = sourcecode.c.h; path = AFCompatibilityMacros.h; sourceTree = "<group>"; };
		607732C824B71DA700192576 /* AFHTTPSessionManager.h */ = {isa = PBXFileReference; fileEncoding = 4; lastKnownFileType = sourcecode.c.h; path = AFHTTPSessionManager.h; sourceTree = "<group>"; };
		607732CF24B71DCC00192576 /* NetworkRequest.m */ = {isa = PBXFileReference; fileEncoding = 4; lastKnownFileType = sourcecode.c.objc; path = NetworkRequest.m; sourceTree = "<group>"; };
		607732D024B71DCC00192576 /* NetworkRequest.h */ = {isa = PBXFileReference; fileEncoding = 4; lastKnownFileType = sourcecode.c.h; path = NetworkRequest.h; sourceTree = "<group>"; };
		607732D224B71DEA00192576 /* ServerApi.h */ = {isa = PBXFileReference; fileEncoding = 4; lastKnownFileType = sourcecode.c.h; path = ServerApi.h; sourceTree = "<group>"; };
		607732D324B71DEA00192576 /* ServerApi.m */ = {isa = PBXFileReference; fileEncoding = 4; lastKnownFileType = sourcecode.c.objc; path = ServerApi.m; sourceTree = "<group>"; };
		607732D524B810F600192576 /* SoftLoadingListVC.h */ = {isa = PBXFileReference; lastKnownFileType = sourcecode.c.h; path = SoftLoadingListVC.h; sourceTree = "<group>"; };
		607732D624B810F600192576 /* SoftLoadingListVC.m */ = {isa = PBXFileReference; lastKnownFileType = sourcecode.c.objc; path = SoftLoadingListVC.m; sourceTree = "<group>"; };
		607732D824B8131B00192576 /* SoftLoadingNameCVC.h */ = {isa = PBXFileReference; lastKnownFileType = sourcecode.c.h; path = SoftLoadingNameCVC.h; sourceTree = "<group>"; };
		607732D924B8131B00192576 /* SoftLoadingNameCVC.m */ = {isa = PBXFileReference; lastKnownFileType = sourcecode.c.objc; path = SoftLoadingNameCVC.m; sourceTree = "<group>"; };
		607732DB24B85ED300192576 /* ProjectScheduleVC.h */ = {isa = PBXFileReference; lastKnownFileType = sourcecode.c.h; path = ProjectScheduleVC.h; sourceTree = "<group>"; };
		607732DC24B85ED300192576 /* ProjectScheduleVC.m */ = {isa = PBXFileReference; lastKnownFileType = sourcecode.c.objc; path = ProjectScheduleVC.m; sourceTree = "<group>"; };
		607732DF24B863CB00192576 /* FSCalendarCollectionView.m */ = {isa = PBXFileReference; fileEncoding = 4; lastKnownFileType = sourcecode.c.objc; path = FSCalendarCollectionView.m; sourceTree = "<group>"; };
		607732E024B863CB00192576 /* FSCalendarWeekdayView.h */ = {isa = PBXFileReference; fileEncoding = 4; lastKnownFileType = sourcecode.c.h; path = FSCalendarWeekdayView.h; sourceTree = "<group>"; };
		607732E124B863CB00192576 /* FSCalendarCollectionViewLayout.h */ = {isa = PBXFileReference; fileEncoding = 4; lastKnownFileType = sourcecode.c.h; path = FSCalendarCollectionViewLayout.h; sourceTree = "<group>"; };
		607732E224B863CB00192576 /* FSCalendarDelegationProxy.m */ = {isa = PBXFileReference; fileEncoding = 4; lastKnownFileType = sourcecode.c.objc; path = FSCalendarDelegationProxy.m; sourceTree = "<group>"; };
		607732E324B863CB00192576 /* FSCalendarExtensions.h */ = {isa = PBXFileReference; fileEncoding = 4; lastKnownFileType = sourcecode.c.h; path = FSCalendarExtensions.h; sourceTree = "<group>"; };
		607732E424B863CB00192576 /* FSCalendarDelegationFactory.m */ = {isa = PBXFileReference; fileEncoding = 4; lastKnownFileType = sourcecode.c.objc; path = FSCalendarDelegationFactory.m; sourceTree = "<group>"; };
		607732E524B863CB00192576 /* FSCalendarSeparatorDecorationView.h */ = {isa = PBXFileReference; fileEncoding = 4; lastKnownFileType = sourcecode.c.h; path = FSCalendarSeparatorDecorationView.h; sourceTree = "<group>"; };
		607732E624B863CB00192576 /* FSCalendarCalculator.h */ = {isa = PBXFileReference; fileEncoding = 4; lastKnownFileType = sourcecode.c.h; path = FSCalendarCalculator.h; sourceTree = "<group>"; };
		607732E724B863CB00192576 /* FSCalendarHeaderView.h */ = {isa = PBXFileReference; fileEncoding = 4; lastKnownFileType = sourcecode.c.h; path = FSCalendarHeaderView.h; sourceTree = "<group>"; };
		607732E824B863CB00192576 /* FSCalendarConstants.h */ = {isa = PBXFileReference; fileEncoding = 4; lastKnownFileType = sourcecode.c.h; path = FSCalendarConstants.h; sourceTree = "<group>"; };
		607732E924B863CB00192576 /* FSCalendarAppearance.h */ = {isa = PBXFileReference; fileEncoding = 4; lastKnownFileType = sourcecode.c.h; path = FSCalendarAppearance.h; sourceTree = "<group>"; };
		607732EA24B863CB00192576 /* FSCalendarTransitionCoordinator.h */ = {isa = PBXFileReference; fileEncoding = 4; lastKnownFileType = sourcecode.c.h; path = FSCalendarTransitionCoordinator.h; sourceTree = "<group>"; };
		607732EB24B863CB00192576 /* FSCalendarCell.m */ = {isa = PBXFileReference; fileEncoding = 4; lastKnownFileType = sourcecode.c.objc; path = FSCalendarCell.m; sourceTree = "<group>"; };
		607732EC24B863CB00192576 /* FSCalendarStickyHeader.m */ = {isa = PBXFileReference; fileEncoding = 4; lastKnownFileType = sourcecode.c.objc; path = FSCalendarStickyHeader.m; sourceTree = "<group>"; };
		607732ED24B863CB00192576 /* FSCalendar.m */ = {isa = PBXFileReference; fileEncoding = 4; lastKnownFileType = sourcecode.c.objc; path = FSCalendar.m; sourceTree = "<group>"; };
		607732EE24B863CB00192576 /* FSCalendarCollectionViewLayout.m */ = {isa = PBXFileReference; fileEncoding = 4; lastKnownFileType = sourcecode.c.objc; path = FSCalendarCollectionViewLayout.m; sourceTree = "<group>"; };
		607732EF24B863CB00192576 /* FSCalendarWeekdayView.m */ = {isa = PBXFileReference; fileEncoding = 4; lastKnownFileType = sourcecode.c.objc; path = FSCalendarWeekdayView.m; sourceTree = "<group>"; };
		607732F024B863CB00192576 /* FSCalendarCollectionView.h */ = {isa = PBXFileReference; fileEncoding = 4; lastKnownFileType = sourcecode.c.h; path = FSCalendarCollectionView.h; sourceTree = "<group>"; };
		607732F124B863CB00192576 /* FSCalendarDynamicHeader.h */ = {isa = PBXFileReference; fileEncoding = 4; lastKnownFileType = sourcecode.c.h; path = FSCalendarDynamicHeader.h; sourceTree = "<group>"; };
		607732F224B863CB00192576 /* FSCalendarSeparatorDecorationView.m */ = {isa = PBXFileReference; fileEncoding = 4; lastKnownFileType = sourcecode.c.objc; path = FSCalendarSeparatorDecorationView.m; sourceTree = "<group>"; };
		607732F324B863CB00192576 /* FSCalendarDelegationFactory.h */ = {isa = PBXFileReference; fileEncoding = 4; lastKnownFileType = sourcecode.c.h; path = FSCalendarDelegationFactory.h; sourceTree = "<group>"; };
		607732F424B863CB00192576 /* FSCalendarExtensions.m */ = {isa = PBXFileReference; fileEncoding = 4; lastKnownFileType = sourcecode.c.objc; path = FSCalendarExtensions.m; sourceTree = "<group>"; };
		607732F524B863CB00192576 /* FSCalendarDelegationProxy.h */ = {isa = PBXFileReference; fileEncoding = 4; lastKnownFileType = sourcecode.c.h; path = FSCalendarDelegationProxy.h; sourceTree = "<group>"; };
		607732F624B863CB00192576 /* FSCalendarConstants.m */ = {isa = PBXFileReference; fileEncoding = 4; lastKnownFileType = sourcecode.c.objc; path = FSCalendarConstants.m; sourceTree = "<group>"; };
		607732F724B863CB00192576 /* FSCalendarCalculator.m */ = {isa = PBXFileReference; fileEncoding = 4; lastKnownFileType = sourcecode.c.objc; path = FSCalendarCalculator.m; sourceTree = "<group>"; };
		607732F824B863CB00192576 /* FSCalendarHeaderView.m */ = {isa = PBXFileReference; fileEncoding = 4; lastKnownFileType = sourcecode.c.objc; path = FSCalendarHeaderView.m; sourceTree = "<group>"; };
		607732F924B863CB00192576 /* FSCalendarStickyHeader.h */ = {isa = PBXFileReference; fileEncoding = 4; lastKnownFileType = sourcecode.c.h; path = FSCalendarStickyHeader.h; sourceTree = "<group>"; };
		607732FA24B863CB00192576 /* FSCalendar.h */ = {isa = PBXFileReference; fileEncoding = 4; lastKnownFileType = sourcecode.c.h; path = FSCalendar.h; sourceTree = "<group>"; };
		607732FB24B863CB00192576 /* FSCalendarCell.h */ = {isa = PBXFileReference; fileEncoding = 4; lastKnownFileType = sourcecode.c.h; path = FSCalendarCell.h; sourceTree = "<group>"; };
		607732FC24B863CB00192576 /* FSCalendarTransitionCoordinator.m */ = {isa = PBXFileReference; fileEncoding = 4; lastKnownFileType = sourcecode.c.objc; path = FSCalendarTransitionCoordinator.m; sourceTree = "<group>"; };
		607732FD24B863CB00192576 /* FSCalendarAppearance.m */ = {isa = PBXFileReference; fileEncoding = 4; lastKnownFileType = sourcecode.c.objc; path = FSCalendarAppearance.m; sourceTree = "<group>"; };
		6077331024BAB2B700192576 /* PlanListTVC.h */ = {isa = PBXFileReference; lastKnownFileType = sourcecode.c.h; path = PlanListTVC.h; sourceTree = "<group>"; };
		6077331124BAB2B700192576 /* PlanListTVC.m */ = {isa = PBXFileReference; lastKnownFileType = sourcecode.c.objc; path = PlanListTVC.m; sourceTree = "<group>"; };
		6077331924BAD16200192576 /* ResponseObjectModel.h */ = {isa = PBXFileReference; lastKnownFileType = sourcecode.c.h; path = ResponseObjectModel.h; sourceTree = "<group>"; };
		6077331A24BAD16200192576 /* ResponseObjectModel.m */ = {isa = PBXFileReference; lastKnownFileType = sourcecode.c.objc; path = ResponseObjectModel.m; sourceTree = "<group>"; };
		60ADEDDB24B4ABE400629EC3 /* LoginTableViewController.h */ = {isa = PBXFileReference; lastKnownFileType = sourcecode.c.h; path = LoginTableViewController.h; sourceTree = "<group>"; };
		60ADEDDC24B4ABE400629EC3 /* LoginTableViewController.m */ = {isa = PBXFileReference; lastKnownFileType = sourcecode.c.objc; path = LoginTableViewController.m; sourceTree = "<group>"; };
		60ADEDDE24B4BE6F00629EC3 /* MineProjectTVC.h */ = {isa = PBXFileReference; lastKnownFileType = sourcecode.c.h; path = MineProjectTVC.h; sourceTree = "<group>"; };
		60ADEDDF24B4BE6F00629EC3 /* MineProjectTVC.m */ = {isa = PBXFileReference; lastKnownFileType = sourcecode.c.objc; path = MineProjectTVC.m; sourceTree = "<group>"; };
		60ADEDE224B4C1B700629EC3 /* UIView+Extension.h */ = {isa = PBXFileReference; fileEncoding = 4; lastKnownFileType = sourcecode.c.h; path = "UIView+Extension.h"; sourceTree = "<group>"; };
		60ADEDE324B4C1B700629EC3 /* UIView+Extension.m */ = {isa = PBXFileReference; fileEncoding = 4; lastKnownFileType = sourcecode.c.objc; path = "UIView+Extension.m"; sourceTree = "<group>"; };
		60ADEDE524B4C88900629EC3 /* HomePageBtnsTVC.h */ = {isa = PBXFileReference; lastKnownFileType = sourcecode.c.h; path = HomePageBtnsTVC.h; sourceTree = "<group>"; };
		60ADEDE624B4C88900629EC3 /* HomePageBtnsTVC.m */ = {isa = PBXFileReference; lastKnownFileType = sourcecode.c.objc; path = HomePageBtnsTVC.m; sourceTree = "<group>"; };
		60B4FA9B24B753710072FEE7 /* LoadingFileTVC.h */ = {isa = PBXFileReference; lastKnownFileType = sourcecode.c.h; path = LoadingFileTVC.h; sourceTree = "<group>"; };
		60B4FA9C24B753710072FEE7 /* LoadingFileTVC.m */ = {isa = PBXFileReference; lastKnownFileType = sourcecode.c.objc; path = LoadingFileTVC.m; sourceTree = "<group>"; };
		60B4FA9E24B759DE0072FEE7 /* PersonInfoModel.h */ = {isa = PBXFileReference; lastKnownFileType = sourcecode.c.h; path = PersonInfoModel.h; sourceTree = "<group>"; };
		60B4FA9F24B759DE0072FEE7 /* PersonInfoModel.m */ = {isa = PBXFileReference; lastKnownFileType = sourcecode.c.objc; path = PersonInfoModel.m; sourceTree = "<group>"; };
		60B4FAA124B75C830072FEE7 /* ConceptSchemeHistoryListVC.h */ = {isa = PBXFileReference; lastKnownFileType = sourcecode.c.h; path = ConceptSchemeHistoryListVC.h; sourceTree = "<group>"; };
		60B4FAA224B75C830072FEE7 /* ConceptSchemeHistoryListVC.m */ = {isa = PBXFileReference; lastKnownFileType = sourcecode.c.objc; path = ConceptSchemeHistoryListVC.m; sourceTree = "<group>"; };
		60E7EB5C24B358CC0056A252 /* RootTabBarContro.m */ = {isa = PBXFileReference; fileEncoding = 4; lastKnownFileType = sourcecode.c.objc; path = RootTabBarContro.m; sourceTree = "<group>"; };
		60E7EB5D24B358CC0056A252 /* RootTabBarContro.h */ = {isa = PBXFileReference; fileEncoding = 4; lastKnownFileType = sourcecode.c.h; path = RootTabBarContro.h; sourceTree = "<group>"; };
		60E7EB5F24B359810056A252 /* HomePageListNavigationController.h */ = {isa = PBXFileReference; lastKnownFileType = sourcecode.c.h; path = HomePageListNavigationController.h; sourceTree = "<group>"; };
		60E7EB6024B359810056A252 /* HomePageListNavigationController.m */ = {isa = PBXFileReference; lastKnownFileType = sourcecode.c.objc; path = HomePageListNavigationController.m; sourceTree = "<group>"; };
		60E7EB6224B359A00056A252 /* HomePageListVC.h */ = {isa = PBXFileReference; lastKnownFileType = sourcecode.c.h; path = HomePageListVC.h; sourceTree = "<group>"; };
		60E7EB6324B359A00056A252 /* HomePageListVC.m */ = {isa = PBXFileReference; lastKnownFileType = sourcecode.c.objc; path = HomePageListVC.m; sourceTree = "<group>"; };
		60E7EB6624B359CA0056A252 /* ScheduleNavigationController.h */ = {isa = PBXFileReference; lastKnownFileType = sourcecode.c.h; path = ScheduleNavigationController.h; sourceTree = "<group>"; };
		60E7EB6724B359CA0056A252 /* ScheduleNavigationController.m */ = {isa = PBXFileReference; lastKnownFileType = sourcecode.c.objc; path = ScheduleNavigationController.m; sourceTree = "<group>"; };
		60E7EB6924B359EF0056A252 /* ScheduleVC.h */ = {isa = PBXFileReference; lastKnownFileType = sourcecode.c.h; path = ScheduleVC.h; sourceTree = "<group>"; };
		60E7EB6A24B359EF0056A252 /* ScheduleVC.m */ = {isa = PBXFileReference; lastKnownFileType = sourcecode.c.objc; path = ScheduleVC.m; sourceTree = "<group>"; };
		60E7EB6C24B35A100056A252 /* AddressBookNavigationController.h */ = {isa = PBXFileReference; lastKnownFileType = sourcecode.c.h; path = AddressBookNavigationController.h; sourceTree = "<group>"; };
		60E7EB6D24B35A100056A252 /* AddressBookNavigationController.m */ = {isa = PBXFileReference; lastKnownFileType = sourcecode.c.objc; path = AddressBookNavigationController.m; sourceTree = "<group>"; };
		60E7EB6F24B35A2F0056A252 /* AddressBookVC.h */ = {isa = PBXFileReference; lastKnownFileType = sourcecode.c.h; path = AddressBookVC.h; sourceTree = "<group>"; };
		60E7EB7024B35A2F0056A252 /* AddressBookVC.m */ = {isa = PBXFileReference; lastKnownFileType = sourcecode.c.objc; path = AddressBookVC.m; sourceTree = "<group>"; };
		60E7EB7224B35A490056A252 /* MineNavigationController.h */ = {isa = PBXFileReference; lastKnownFileType = sourcecode.c.h; path = MineNavigationController.h; sourceTree = "<group>"; };
		60E7EB7324B35A490056A252 /* MineNavigationController.m */ = {isa = PBXFileReference; lastKnownFileType = sourcecode.c.objc; path = MineNavigationController.m; sourceTree = "<group>"; };
		60E7EB7524B35A5E0056A252 /* MineVC.h */ = {isa = PBXFileReference; lastKnownFileType = sourcecode.c.h; path = MineVC.h; sourceTree = "<group>"; };
		60E7EB7624B35A5E0056A252 /* MineVC.m */ = {isa = PBXFileReference; lastKnownFileType = sourcecode.c.objc; path = MineVC.m; sourceTree = "<group>"; };
		60E7EB7824B3641A0056A252 /* Macro.h */ = {isa = PBXFileReference; lastKnownFileType = sourcecode.c.h; path = Macro.h; sourceTree = "<group>"; };
/* End PBXFileReference section */

/* Begin PBXFrameworksBuildPhase section */
		6077324B24AEFA7100192576 /* Frameworks */ = {
			isa = PBXFrameworksBuildPhase;
			buildActionMask = 2147483647;
			files = (
				22FDF753B435C4E1814A4AAE /* Pods_design.framework in Frameworks */,
			);
			runOnlyForDeploymentPostprocessing = 0;
		};
/* End PBXFrameworksBuildPhase section */

/* Begin PBXGroup section */
		02F6A7459CC213A9A60532C3 /* Pods */ = {
			isa = PBXGroup;
			children = (
				592A576F26DE123A44C55432 /* Pods-design.debug.xcconfig */,
				11173E853284B6A9AEC231A4 /* Pods-design.release.xcconfig */,
			);
			path = Pods;
			sourceTree = "<group>";
		};
		413BEABB2F28EE5021164413 /* Frameworks */ = {
			isa = PBXGroup;
			children = (
				2AE6FE5027FE11D1494762F3 /* Pods_design.framework */,
			);
			name = Frameworks;
			sourceTree = "<group>";
		};
		6077324524AEFA7100192576 = {
			isa = PBXGroup;
			children = (
				6077325024AEFA7100192576 /* design */,
				6077324F24AEFA7100192576 /* Products */,
				02F6A7459CC213A9A60532C3 /* Pods */,
				413BEABB2F28EE5021164413 /* Frameworks */,
			);
			sourceTree = "<group>";
		};
		6077324F24AEFA7100192576 /* Products */ = {
			isa = PBXGroup;
			children = (
				6077324E24AEFA7100192576 /* design.app */,
			);
			name = Products;
			sourceTree = "<group>";
		};
		6077325024AEFA7100192576 /* design */ = {
			isa = PBXGroup;
			children = (
				60E7EB4524B3576A0056A252 /* Classes */,
				6077327224AEFEF000192576 /* InterfaceBuider */,
				6077325124AEFA7100192576 /* AppDelegate.h */,
				6077325224AEFA7100192576 /* AppDelegate.m */,
				6077325424AEFA7100192576 /* SceneDelegate.h */,
				6077325524AEFA7100192576 /* SceneDelegate.m */,
				6077325724AEFA7100192576 /* ViewController.h */,
				6077325824AEFA7100192576 /* ViewController.m */,
				6077325D24AEFA7300192576 /* Assets.xcassets */,
				6077325F24AEFA7300192576 /* LaunchScreen.storyboard */,
				6077326224AEFA7300192576 /* Info.plist */,
				6077326324AEFA7300192576 /* main.m */,
			);
			path = design;
			sourceTree = "<group>";
		};
		6077327224AEFEF000192576 /* InterfaceBuider */ = {
			isa = PBXGroup;
			children = (
				6077325A24AEFA7100192576 /* Main.storyboard */,
			);
			path = InterfaceBuider;
			sourceTree = "<group>";
		};
		607732AF24B71BA800192576 /* AddressBook */ = {
			isa = PBXGroup;
			children = (
			);
			path = AddressBook;
			sourceTree = "<group>";
		};
		607732B024B71BA800192576 /* Schedule */ = {
			isa = PBXGroup;
			children = (
			);
			path = Schedule;
			sourceTree = "<group>";
		};
		607732B124B71D2800192576 /* MBProgressHUD+PW */ = {
			isa = PBXGroup;
			children = (
				607732B224B71D2800192576 /* MBProgressHUD+PW.xcassets */,
				607732B324B71D2800192576 /* MBProgressHUD.m */,
				607732B424B71D2800192576 /* MBProgressHUD+PW.m */,
				607732B524B71D2800192576 /* MBProgressHUD.h */,
				607732B624B71D2800192576 /* MBProgressHUD+PW.h */,
			);
			path = "MBProgressHUD+PW";
			sourceTree = "<group>";
		};
		607732BA24B71DA700192576 /* AFNetworking */ = {
			isa = PBXGroup;
			children = (
				607732BB24B71DA700192576 /* AFSecurityPolicy.h */,
				607732BC24B71DA700192576 /* AFNetworkReachabilityManager.h */,
				607732BD24B71DA700192576 /* AFURLSessionManager.h */,
				607732BE24B71DA700192576 /* AFURLRequestSerialization.h */,
				607732BF24B71DA700192576 /* AFURLResponseSerialization.m */,
				607732C024B71DA700192576 /* AFHTTPSessionManager.m */,
				607732C124B71DA700192576 /* AFURLResponseSerialization.h */,
				607732C224B71DA700192576 /* AFURLSessionManager.m */,
				607732C324B71DA700192576 /* AFURLRequestSerialization.m */,
				607732C424B71DA700192576 /* AFNetworking.h */,
				607732C524B71DA700192576 /* AFNetworkReachabilityManager.m */,
				607732C624B71DA700192576 /* AFSecurityPolicy.m */,
				607732C724B71DA700192576 /* AFCompatibilityMacros.h */,
				607732C824B71DA700192576 /* AFHTTPSessionManager.h */,
			);
			path = AFNetworking;
			sourceTree = "<group>";
		};
		607732DE24B863CB00192576 /* FSCalendar */ = {
			isa = PBXGroup;
			children = (
				607732DF24B863CB00192576 /* FSCalendarCollectionView.m */,
				607732E024B863CB00192576 /* FSCalendarWeekdayView.h */,
				607732E124B863CB00192576 /* FSCalendarCollectionViewLayout.h */,
				607732E224B863CB00192576 /* FSCalendarDelegationProxy.m */,
				607732E324B863CB00192576 /* FSCalendarExtensions.h */,
				607732E424B863CB00192576 /* FSCalendarDelegationFactory.m */,
				607732E524B863CB00192576 /* FSCalendarSeparatorDecorationView.h */,
				607732E624B863CB00192576 /* FSCalendarCalculator.h */,
				607732E724B863CB00192576 /* FSCalendarHeaderView.h */,
				607732E824B863CB00192576 /* FSCalendarConstants.h */,
				607732E924B863CB00192576 /* FSCalendarAppearance.h */,
				607732EA24B863CB00192576 /* FSCalendarTransitionCoordinator.h */,
				607732EB24B863CB00192576 /* FSCalendarCell.m */,
				607732EC24B863CB00192576 /* FSCalendarStickyHeader.m */,
				607732ED24B863CB00192576 /* FSCalendar.m */,
				607732EE24B863CB00192576 /* FSCalendarCollectionViewLayout.m */,
				607732EF24B863CB00192576 /* FSCalendarWeekdayView.m */,
				607732F024B863CB00192576 /* FSCalendarCollectionView.h */,
				607732F124B863CB00192576 /* FSCalendarDynamicHeader.h */,
				607732F224B863CB00192576 /* FSCalendarSeparatorDecorationView.m */,
				607732F324B863CB00192576 /* FSCalendarDelegationFactory.h */,
				607732F424B863CB00192576 /* FSCalendarExtensions.m */,
				607732F524B863CB00192576 /* FSCalendarDelegationProxy.h */,
				607732F624B863CB00192576 /* FSCalendarConstants.m */,
				607732F724B863CB00192576 /* FSCalendarCalculator.m */,
				607732F824B863CB00192576 /* FSCalendarHeaderView.m */,
				607732F924B863CB00192576 /* FSCalendarStickyHeader.h */,
				607732FA24B863CB00192576 /* FSCalendar.h */,
				607732FB24B863CB00192576 /* FSCalendarCell.h */,
				607732FC24B863CB00192576 /* FSCalendarTransitionCoordinator.m */,
				607732FD24B863CB00192576 /* FSCalendarAppearance.m */,
			);
			path = FSCalendar;
			sourceTree = "<group>";
		};
		6077331324BAD14F00192576 /* Model */ = {
			isa = PBXGroup;
			children = (
				6077331424BAD14F00192576 /* Schedule */,
				6077331524BAD14F00192576 /* HomePage */,
				6077331624BAD14F00192576 /* Common */,
				6077331724BAD14F00192576 /* Mine */,
				6077331824BAD14F00192576 /* AddressBook */,
			);
			path = Model;
			sourceTree = "<group>";
		};
		6077331424BAD14F00192576 /* Schedule */ = {
			isa = PBXGroup;
			children = (
			);
			path = Schedule;
			sourceTree = "<group>";
		};
		6077331524BAD14F00192576 /* HomePage */ = {
			isa = PBXGroup;
			children = (
			);
			path = HomePage;
			sourceTree = "<group>";
		};
		6077331624BAD14F00192576 /* Common */ = {
			isa = PBXGroup;
			children = (
				6077331924BAD16200192576 /* ResponseObjectModel.h */,
				6077331A24BAD16200192576 /* ResponseObjectModel.m */,
			);
			path = Common;
			sourceTree = "<group>";
		};
		6077331724BAD14F00192576 /* Mine */ = {
			isa = PBXGroup;
			children = (
			);
			path = Mine;
			sourceTree = "<group>";
		};
		6077331824BAD14F00192576 /* AddressBook */ = {
			isa = PBXGroup;
			children = (
			);
			path = AddressBook;
			sourceTree = "<group>";
		};
		60ADEDE124B4C1B700629EC3 /* Category */ = {
			isa = PBXGroup;
			children = (
				607732B124B71D2800192576 /* MBProgressHUD+PW */,
				60ADEDE224B4C1B700629EC3 /* UIView+Extension.h */,
				60ADEDE324B4C1B700629EC3 /* UIView+Extension.m */,
			);
			path = Category;
			sourceTree = "<group>";
		};
		60E7EB4524B3576A0056A252 /* Classes */ = {
			isa = PBXGroup;
			children = (
				60E7EB4C24B3576A0056A252 /* Controller */,
				60E7EB5624B3576A0056A252 /* View */,
				6077331324BAD14F00192576 /* Model */,
				60E7EB4624B3576A0056A252 /* Utils */,
			);
			path = Classes;
			sourceTree = "<group>";
		};
		60E7EB4624B3576A0056A252 /* Utils */ = {
			isa = PBXGroup;
			children = (
				60E7EB4924B3576A0056A252 /* Common */,
			);
			path = Utils;
			sourceTree = "<group>";
		};
		60E7EB4924B3576A0056A252 /* Common */ = {
			isa = PBXGroup;
			children = (
				60ADEDE124B4C1B700629EC3 /* Category */,
				607732BA24B71DA700192576 /* AFNetworking */,
				607732DE24B863CB00192576 /* FSCalendar */,
				60E7EB7824B3641A0056A252 /* Macro.h */,
				607732A724B7156D00192576 /* Configure.h */,
				607732A824B7156D00192576 /* Configure.m */,
				607732D024B71DCC00192576 /* NetworkRequest.h */,
				607732CF24B71DCC00192576 /* NetworkRequest.m */,
				607732D224B71DEA00192576 /* ServerApi.h */,
				607732D324B71DEA00192576 /* ServerApi.m */,
				60B4FA9E24B759DE0072FEE7 /* PersonInfoModel.h */,
				60B4FA9F24B759DE0072FEE7 /* PersonInfoModel.m */,
			);
			path = Common;
			sourceTree = "<group>";
		};
		60E7EB4C24B3576A0056A252 /* Controller */ = {
			isa = PBXGroup;
			children = (
				60E7EB4D24B3576A0056A252 /* Schedule */,
				60E7EB4E24B3576A0056A252 /* HomePage */,
				60E7EB4F24B3576A0056A252 /* Mine */,
				60E7EB5024B3576A0056A252 /* AddressBook */,
				60E7EB5B24B357C20056A252 /* Root */,
			);
			path = Controller;
			sourceTree = "<group>";
		};
		60E7EB4D24B3576A0056A252 /* Schedule */ = {
			isa = PBXGroup;
			children = (
				60E7EB6624B359CA0056A252 /* ScheduleNavigationController.h */,
				60E7EB6724B359CA0056A252 /* ScheduleNavigationController.m */,
				60E7EB6924B359EF0056A252 /* ScheduleVC.h */,
				60E7EB6A24B359EF0056A252 /* ScheduleVC.m */,
			);
			path = Schedule;
			sourceTree = "<group>";
		};
		60E7EB4E24B3576A0056A252 /* HomePage */ = {
			isa = PBXGroup;
			children = (
				60E7EB5F24B359810056A252 /* HomePageListNavigationController.h */,
				60E7EB6024B359810056A252 /* HomePageListNavigationController.m */,
				60E7EB6224B359A00056A252 /* HomePageListVC.h */,
				60E7EB6324B359A00056A252 /* HomePageListVC.m */,
				607732A424B70E5000192576 /* ConceptSchemeListVC.h */,
				607732A524B70E5000192576 /* ConceptSchemeListVC.m */,
				60B4FAA124B75C830072FEE7 /* ConceptSchemeHistoryListVC.h */,
				60B4FAA224B75C830072FEE7 /* ConceptSchemeHistoryListVC.m */,
				607732D524B810F600192576 /* SoftLoadingListVC.h */,
				607732D624B810F600192576 /* SoftLoadingListVC.m */,
				607732DB24B85ED300192576 /* ProjectScheduleVC.h */,
				607732DC24B85ED300192576 /* ProjectScheduleVC.m */,
			);
			path = HomePage;
			sourceTree = "<group>";
		};
		60E7EB4F24B3576A0056A252 /* Mine */ = {
			isa = PBXGroup;
			children = (
				60E7EB7224B35A490056A252 /* MineNavigationController.h */,
				60E7EB7324B35A490056A252 /* MineNavigationController.m */,
				60E7EB7524B35A5E0056A252 /* MineVC.h */,
				60E7EB7624B35A5E0056A252 /* MineVC.m */,
				60ADEDDB24B4ABE400629EC3 /* LoginTableViewController.h */,
				60ADEDDC24B4ABE400629EC3 /* LoginTableViewController.m */,
			);
			path = Mine;
			sourceTree = "<group>";
		};
		60E7EB5024B3576A0056A252 /* AddressBook */ = {
			isa = PBXGroup;
			children = (
				60E7EB6C24B35A100056A252 /* AddressBookNavigationController.h */,
				60E7EB6D24B35A100056A252 /* AddressBookNavigationController.m */,
				60E7EB6F24B35A2F0056A252 /* AddressBookVC.h */,
				60E7EB7024B35A2F0056A252 /* AddressBookVC.m */,
			);
			path = AddressBook;
			sourceTree = "<group>";
		};
		60E7EB5624B3576A0056A252 /* View */ = {
			isa = PBXGroup;
			children = (
				60E7EB5824B3576A0056A252 /* HomePage */,
				60E7EB5924B3576A0056A252 /* Mine */,
				607732AF24B71BA800192576 /* AddressBook */,
				607732B024B71BA800192576 /* Schedule */,
			);
			path = View;
			sourceTree = "<group>";
		};
		60E7EB5824B3576A0056A252 /* HomePage */ = {
			isa = PBXGroup;
			children = (
				60ADEDE524B4C88900629EC3 /* HomePageBtnsTVC.h */,
				60ADEDE624B4C88900629EC3 /* HomePageBtnsTVC.m */,
				607732A124B6CBDB00192576 /* ProjectScheduleTVC.h */,
				607732A224B6CBDB00192576 /* ProjectScheduleTVC.m */,
				60B4FA9B24B753710072FEE7 /* LoadingFileTVC.h */,
				60B4FA9C24B753710072FEE7 /* LoadingFileTVC.m */,
				607732D824B8131B00192576 /* SoftLoadingNameCVC.h */,
				607732D924B8131B00192576 /* SoftLoadingNameCVC.m */,
				6077331024BAB2B700192576 /* PlanListTVC.h */,
				6077331124BAB2B700192576 /* PlanListTVC.m */,
			);
			path = HomePage;
			sourceTree = "<group>";
		};
		60E7EB5924B3576A0056A252 /* Mine */ = {
			isa = PBXGroup;
			children = (
				60ADEDDE24B4BE6F00629EC3 /* MineProjectTVC.h */,
				60ADEDDF24B4BE6F00629EC3 /* MineProjectTVC.m */,
			);
			path = Mine;
			sourceTree = "<group>";
		};
		60E7EB5B24B357C20056A252 /* Root */ = {
			isa = PBXGroup;
			children = (
				60E7EB5D24B358CC0056A252 /* RootTabBarContro.h */,
				60E7EB5C24B358CC0056A252 /* RootTabBarContro.m */,
			);
			path = Root;
			sourceTree = "<group>";
		};
/* End PBXGroup section */

/* Begin PBXNativeTarget section */
		6077324D24AEFA7100192576 /* design */ = {
			isa = PBXNativeTarget;
			buildConfigurationList = 6077326724AEFA7300192576 /* Build configuration list for PBXNativeTarget "design" */;
			buildPhases = (
				32C39406BEF9B8B9FB46F782 /* [CP] Check Pods Manifest.lock */,
				6077324A24AEFA7100192576 /* Sources */,
				6077324B24AEFA7100192576 /* Frameworks */,
				6077324C24AEFA7100192576 /* Resources */,
				9C8A878879A38AAF551EA0E8 /* [CP] Embed Pods Frameworks */,
			);
			buildRules = (
			);
			dependencies = (
			);
			name = design;
			productName = design;
			productReference = 6077324E24AEFA7100192576 /* design.app */;
			productType = "com.apple.product-type.application";
		};
/* End PBXNativeTarget section */

/* Begin PBXProject section */
		6077324624AEFA7100192576 /* Project object */ = {
			isa = PBXProject;
			attributes = {
				LastUpgradeCheck = 1150;
				TargetAttributes = {
					6077324D24AEFA7100192576 = {
						CreatedOnToolsVersion = 11.5;
					};
				};
			};
			buildConfigurationList = 6077324924AEFA7100192576 /* Build configuration list for PBXProject "design" */;
			compatibilityVersion = "Xcode 9.3";
			developmentRegion = en;
			hasScannedForEncodings = 0;
			knownRegions = (
				en,
				Base,
			);
			mainGroup = 6077324524AEFA7100192576;
			productRefGroup = 6077324F24AEFA7100192576 /* Products */;
			projectDirPath = "";
			projectRoot = "";
			targets = (
				6077324D24AEFA7100192576 /* design */,
			);
		};
/* End PBXProject section */

/* Begin PBXResourcesBuildPhase section */
		6077324C24AEFA7100192576 /* Resources */ = {
			isa = PBXResourcesBuildPhase;
			buildActionMask = 2147483647;
			files = (
				607732B724B71D2900192576 /* MBProgressHUD+PW.xcassets in Resources */,
				6077326124AEFA7300192576 /* LaunchScreen.storyboard in Resources */,
				6077325E24AEFA7300192576 /* Assets.xcassets in Resources */,
				6077325C24AEFA7100192576 /* Main.storyboard in Resources */,
			);
			runOnlyForDeploymentPostprocessing = 0;
		};
/* End PBXResourcesBuildPhase section */

/* Begin PBXShellScriptBuildPhase section */
		32C39406BEF9B8B9FB46F782 /* [CP] Check Pods Manifest.lock */ = {
			isa = PBXShellScriptBuildPhase;
			buildActionMask = 2147483647;
			files = (
			);
			inputFileListPaths = (
			);
			inputPaths = (
				"${PODS_PODFILE_DIR_PATH}/Podfile.lock",
				"${PODS_ROOT}/Manifest.lock",
			);
			name = "[CP] Check Pods Manifest.lock";
			outputFileListPaths = (
			);
			outputPaths = (
				"$(DERIVED_FILE_DIR)/Pods-design-checkManifestLockResult.txt",
			);
			runOnlyForDeploymentPostprocessing = 0;
			shellPath = /bin/sh;
			shellScript = "diff \"${PODS_PODFILE_DIR_PATH}/Podfile.lock\" \"${PODS_ROOT}/Manifest.lock\" > /dev/null\nif [ $? != 0 ] ; then\n    # print error to STDERR\n    echo \"error: The sandbox is not in sync with the Podfile.lock. Run 'pod install' or update your CocoaPods installation.\" >&2\n    exit 1\nfi\n# This output is used by Xcode 'outputs' to avoid re-running this script phase.\necho \"SUCCESS\" > \"${SCRIPT_OUTPUT_FILE_0}\"\n";
			showEnvVarsInLog = 0;
		};
		9C8A878879A38AAF551EA0E8 /* [CP] Embed Pods Frameworks */ = {
			isa = PBXShellScriptBuildPhase;
			buildActionMask = 2147483647;
			files = (
			);
			inputFileListPaths = (
				"${PODS_ROOT}/Target Support Files/Pods-design/Pods-design-frameworks-${CONFIGURATION}-input-files.xcfilelist",
			);
			name = "[CP] Embed Pods Frameworks";
			outputFileListPaths = (
				"${PODS_ROOT}/Target Support Files/Pods-design/Pods-design-frameworks-${CONFIGURATION}-output-files.xcfilelist",
			);
			runOnlyForDeploymentPostprocessing = 0;
			shellPath = /bin/sh;
			shellScript = "\"${PODS_ROOT}/Target Support Files/Pods-design/Pods-design-frameworks.sh\"\n";
			showEnvVarsInLog = 0;
		};
/* End PBXShellScriptBuildPhase section */

/* Begin PBXSourcesBuildPhase section */
		6077324A24AEFA7100192576 /* Sources */ = {
			isa = PBXSourcesBuildPhase;
			buildActionMask = 2147483647;
			files = (
				6077330A24B863CC00192576 /* FSCalendarHeaderView.m in Sources */,
				60B4FAA024B759DE0072FEE7 /* PersonInfoModel.m in Sources */,
				607732CE24B71DA700192576 /* AFSecurityPolicy.m in Sources */,
				607732D124B71DCC00192576 /* NetworkRequest.m in Sources */,
				607732CB24B71DA700192576 /* AFURLSessionManager.m in Sources */,
				6077330724B863CC00192576 /* FSCalendarExtensions.m in Sources */,
				6077331B24BAD16200192576 /* ResponseObjectModel.m in Sources */,
				6077330224B863CC00192576 /* FSCalendarStickyHeader.m in Sources */,
				60E7EB6B24B359EF0056A252 /* ScheduleVC.m in Sources */,
				6077331224BAB2B700192576 /* PlanListTVC.m in Sources */,
				6077330624B863CC00192576 /* FSCalendarSeparatorDecorationView.m in Sources */,
				607732D724B810F600192576 /* SoftLoadingListVC.m in Sources */,
				60ADEDDD24B4ABE400629EC3 /* LoginTableViewController.m in Sources */,
				6077330324B863CC00192576 /* FSCalendar.m in Sources */,
				6077330C24B863CC00192576 /* FSCalendarAppearance.m in Sources */,
				607732A324B6CBDB00192576 /* ProjectScheduleTVC.m in Sources */,
				6077330824B863CC00192576 /* FSCalendarConstants.m in Sources */,
				60E7EB6E24B35A100056A252 /* AddressBookNavigationController.m in Sources */,
				6077330924B863CC00192576 /* FSCalendarCalculator.m in Sources */,
				607732D424B71DEA00192576 /* ServerApi.m in Sources */,
				60B4FAA324B75C830072FEE7 /* ConceptSchemeHistoryListVC.m in Sources */,
				607732A924B7156D00192576 /* Configure.m in Sources */,
				6077330524B863CC00192576 /* FSCalendarWeekdayView.m in Sources */,
				60E7EB5E24B358CC0056A252 /* RootTabBarContro.m in Sources */,
				60ADEDE724B4C88900629EC3 /* HomePageBtnsTVC.m in Sources */,
				6077330124B863CC00192576 /* FSCalendarCell.m in Sources */,
				60B4FA9D24B753710072FEE7 /* LoadingFileTVC.m in Sources */,
				60ADEDE024B4BE6F00629EC3 /* MineProjectTVC.m in Sources */,
				60E7EB7124B35A2F0056A252 /* AddressBookVC.m in Sources */,
				607732FF24B863CC00192576 /* FSCalendarDelegationProxy.m in Sources */,
				6077325924AEFA7100192576 /* ViewController.m in Sources */,
				607732B924B71D2900192576 /* MBProgressHUD+PW.m in Sources */,
				607732DD24B85ED300192576 /* ProjectScheduleVC.m in Sources */,
				60E7EB6824B359CA0056A252 /* ScheduleNavigationController.m in Sources */,
				607732A624B70E5100192576 /* ConceptSchemeListVC.m in Sources */,
				60E7EB7724B35A5E0056A252 /* MineVC.m in Sources */,
				607732B824B71D2900192576 /* MBProgressHUD.m in Sources */,
				607732CA24B71DA700192576 /* AFHTTPSessionManager.m in Sources */,
				60E7EB7424B35A490056A252 /* MineNavigationController.m in Sources */,
				6077330B24B863CC00192576 /* FSCalendarTransitionCoordinator.m in Sources */,
				607732FE24B863CC00192576 /* FSCalendarCollectionView.m in Sources */,
				6077325324AEFA7100192576 /* AppDelegate.m in Sources */,
				607732CD24B71DA700192576 /* AFNetworkReachabilityManager.m in Sources */,
				607732CC24B71DA700192576 /* AFURLRequestSerialization.m in Sources */,
				60E7EB6124B359810056A252 /* HomePageListNavigationController.m in Sources */,
				6077330424B863CC00192576 /* FSCalendarCollectionViewLayout.m in Sources */,
				607732DA24B8131B00192576 /* SoftLoadingNameCVC.m in Sources */,
				60E7EB6424B359A00056A252 /* HomePageListVC.m in Sources */,
				6077330024B863CC00192576 /* FSCalendarDelegationFactory.m in Sources */,
				6077326424AEFA7300192576 /* main.m in Sources */,
				60ADEDE424B4C1B700629EC3 /* UIView+Extension.m in Sources */,
				6077325624AEFA7100192576 /* SceneDelegate.m in Sources */,
				607732C924B71DA700192576 /* AFURLResponseSerialization.m in Sources */,
			);
			runOnlyForDeploymentPostprocessing = 0;
		};
/* End PBXSourcesBuildPhase section */

/* Begin PBXVariantGroup section */
		6077325A24AEFA7100192576 /* Main.storyboard */ = {
			isa = PBXVariantGroup;
			children = (
				6077325B24AEFA7100192576 /* Base */,
			);
			name = Main.storyboard;
			sourceTree = "<group>";
		};
		6077325F24AEFA7300192576 /* LaunchScreen.storyboard */ = {
			isa = PBXVariantGroup;
			children = (
				6077326024AEFA7300192576 /* Base */,
			);
			name = LaunchScreen.storyboard;
			sourceTree = "<group>";
		};
/* End PBXVariantGroup section */

/* Begin XCBuildConfiguration section */
		6077326524AEFA7300192576 /* Debug */ = {
			isa = XCBuildConfiguration;
			buildSettings = {
				ALWAYS_SEARCH_USER_PATHS = NO;
				CLANG_ANALYZER_NONNULL = YES;
				CLANG_ANALYZER_NUMBER_OBJECT_CONVERSION = YES_AGGRESSIVE;
				CLANG_CXX_LANGUAGE_STANDARD = "gnu++14";
				CLANG_CXX_LIBRARY = "libc++";
				CLANG_ENABLE_MODULES = YES;
				CLANG_ENABLE_OBJC_ARC = YES;
				CLANG_ENABLE_OBJC_WEAK = YES;
				CLANG_WARN_BLOCK_CAPTURE_AUTORELEASING = YES;
				CLANG_WARN_BOOL_CONVERSION = YES;
				CLANG_WARN_COMMA = YES;
				CLANG_WARN_CONSTANT_CONVERSION = YES;
				CLANG_WARN_DEPRECATED_OBJC_IMPLEMENTATIONS = YES;
				CLANG_WARN_DIRECT_OBJC_ISA_USAGE = YES_ERROR;
				CLANG_WARN_DOCUMENTATION_COMMENTS = YES;
				CLANG_WARN_EMPTY_BODY = YES;
				CLANG_WARN_ENUM_CONVERSION = YES;
				CLANG_WARN_INFINITE_RECURSION = YES;
				CLANG_WARN_INT_CONVERSION = YES;
				CLANG_WARN_NON_LITERAL_NULL_CONVERSION = YES;
				CLANG_WARN_OBJC_IMPLICIT_RETAIN_SELF = YES;
				CLANG_WARN_OBJC_LITERAL_CONVERSION = YES;
				CLANG_WARN_OBJC_ROOT_CLASS = YES_ERROR;
				CLANG_WARN_RANGE_LOOP_ANALYSIS = YES;
				CLANG_WARN_STRICT_PROTOTYPES = YES;
				CLANG_WARN_SUSPICIOUS_MOVE = YES;
				CLANG_WARN_UNGUARDED_AVAILABILITY = YES_AGGRESSIVE;
				CLANG_WARN_UNREACHABLE_CODE = YES;
				CLANG_WARN__DUPLICATE_METHOD_MATCH = YES;
				COPY_PHASE_STRIP = NO;
				DEBUG_INFORMATION_FORMAT = dwarf;
				ENABLE_STRICT_OBJC_MSGSEND = YES;
				ENABLE_TESTABILITY = YES;
				GCC_C_LANGUAGE_STANDARD = gnu11;
				GCC_DYNAMIC_NO_PIC = NO;
				GCC_NO_COMMON_BLOCKS = YES;
				GCC_OPTIMIZATION_LEVEL = 0;
				GCC_PREPROCESSOR_DEFINITIONS = (
					"DEBUG=1",
					"$(inherited)",
				);
				GCC_WARN_64_TO_32_BIT_CONVERSION = YES;
				GCC_WARN_ABOUT_RETURN_TYPE = YES_ERROR;
				GCC_WARN_UNDECLARED_SELECTOR = YES;
				GCC_WARN_UNINITIALIZED_AUTOS = YES_AGGRESSIVE;
				GCC_WARN_UNUSED_FUNCTION = YES;
				GCC_WARN_UNUSED_VARIABLE = YES;
				IPHONEOS_DEPLOYMENT_TARGET = 11.0;
				MTL_ENABLE_DEBUG_INFO = INCLUDE_SOURCE;
				MTL_FAST_MATH = YES;
				ONLY_ACTIVE_ARCH = YES;
				SDKROOT = iphoneos;
			};
			name = Debug;
		};
		6077326624AEFA7300192576 /* Release */ = {
			isa = XCBuildConfiguration;
			buildSettings = {
				ALWAYS_SEARCH_USER_PATHS = NO;
				CLANG_ANALYZER_NONNULL = YES;
				CLANG_ANALYZER_NUMBER_OBJECT_CONVERSION = YES_AGGRESSIVE;
				CLANG_CXX_LANGUAGE_STANDARD = "gnu++14";
				CLANG_CXX_LIBRARY = "libc++";
				CLANG_ENABLE_MODULES = YES;
				CLANG_ENABLE_OBJC_ARC = YES;
				CLANG_ENABLE_OBJC_WEAK = YES;
				CLANG_WARN_BLOCK_CAPTURE_AUTORELEASING = YES;
				CLANG_WARN_BOOL_CONVERSION = YES;
				CLANG_WARN_COMMA = YES;
				CLANG_WARN_CONSTANT_CONVERSION = YES;
				CLANG_WARN_DEPRECATED_OBJC_IMPLEMENTATIONS = YES;
				CLANG_WARN_DIRECT_OBJC_ISA_USAGE = YES_ERROR;
				CLANG_WARN_DOCUMENTATION_COMMENTS = YES;
				CLANG_WARN_EMPTY_BODY = YES;
				CLANG_WARN_ENUM_CONVERSION = YES;
				CLANG_WARN_INFINITE_RECURSION = YES;
				CLANG_WARN_INT_CONVERSION = YES;
				CLANG_WARN_NON_LITERAL_NULL_CONVERSION = YES;
				CLANG_WARN_OBJC_IMPLICIT_RETAIN_SELF = YES;
				CLANG_WARN_OBJC_LITERAL_CONVERSION = YES;
				CLANG_WARN_OBJC_ROOT_CLASS = YES_ERROR;
				CLANG_WARN_RANGE_LOOP_ANALYSIS = YES;
				CLANG_WARN_STRICT_PROTOTYPES = YES;
				CLANG_WARN_SUSPICIOUS_MOVE = YES;
				CLANG_WARN_UNGUARDED_AVAILABILITY = YES_AGGRESSIVE;
				CLANG_WARN_UNREACHABLE_CODE = YES;
				CLANG_WARN__DUPLICATE_METHOD_MATCH = YES;
				COPY_PHASE_STRIP = NO;
				DEBUG_INFORMATION_FORMAT = "dwarf-with-dsym";
				ENABLE_NS_ASSERTIONS = NO;
				ENABLE_STRICT_OBJC_MSGSEND = YES;
				GCC_C_LANGUAGE_STANDARD = gnu11;
				GCC_NO_COMMON_BLOCKS = YES;
				GCC_WARN_64_TO_32_BIT_CONVERSION = YES;
				GCC_WARN_ABOUT_RETURN_TYPE = YES_ERROR;
				GCC_WARN_UNDECLARED_SELECTOR = YES;
				GCC_WARN_UNINITIALIZED_AUTOS = YES_AGGRESSIVE;
				GCC_WARN_UNUSED_FUNCTION = YES;
				GCC_WARN_UNUSED_VARIABLE = YES;
				IPHONEOS_DEPLOYMENT_TARGET = 11.0;
				MTL_ENABLE_DEBUG_INFO = NO;
				MTL_FAST_MATH = YES;
				SDKROOT = iphoneos;
				VALIDATE_PRODUCT = YES;
			};
			name = Release;
		};
		6077326824AEFA7300192576 /* Debug */ = {
			isa = XCBuildConfiguration;
			baseConfigurationReference = 592A576F26DE123A44C55432 /* Pods-design.debug.xcconfig */;
			buildSettings = {
				ASSETCATALOG_COMPILER_APPICON_NAME = AppIcon;
				CODE_SIGN_STYLE = Automatic;
				DEVELOPMENT_TEAM = 9X7C849RMQ;
				INFOPLIST_FILE = design/Info.plist;
				LD_RUNPATH_SEARCH_PATHS = (
					"$(inherited)",
					"@executable_path/Frameworks",
				);
				PRODUCT_BUNDLE_IDENTIFIER = com.company.design;
				PRODUCT_NAME = design;
				TARGETED_DEVICE_FAMILY = 1;
				USER_HEADER_SEARCH_PATHS = (
					"${SRCROOT}/**",
					"$(PODS_ROOT)",
				);
			};
			name = Debug;
		};
		6077326924AEFA7300192576 /* Release */ = {
			isa = XCBuildConfiguration;
			baseConfigurationReference = 11173E853284B6A9AEC231A4 /* Pods-design.release.xcconfig */;
			buildSettings = {
				ASSETCATALOG_COMPILER_APPICON_NAME = AppIcon;
				CODE_SIGN_STYLE = Automatic;
				DEVELOPMENT_TEAM = 9X7C849RMQ;
				INFOPLIST_FILE = design/Info.plist;
				LD_RUNPATH_SEARCH_PATHS = (
					"$(inherited)",
					"@executable_path/Frameworks",
				);
				PRODUCT_BUNDLE_IDENTIFIER = com.company.design;
				PRODUCT_NAME = design;
				TARGETED_DEVICE_FAMILY = 1;
				USER_HEADER_SEARCH_PATHS = (
					"${SRCROOT}/**",
					"$(PODS_ROOT)",
				);
			};
			name = Release;
		};
/* End XCBuildConfiguration section */

/* Begin XCConfigurationList section */
		6077324924AEFA7100192576 /* Build configuration list for PBXProject "design" */ = {
			isa = XCConfigurationList;
			buildConfigurations = (
				6077326524AEFA7300192576 /* Debug */,
				6077326624AEFA7300192576 /* Release */,
			);
			defaultConfigurationIsVisible = 0;
			defaultConfigurationName = Release;
		};
		6077326724AEFA7300192576 /* Build configuration list for PBXNativeTarget "design" */ = {
			isa = XCConfigurationList;
			buildConfigurations = (
				6077326824AEFA7300192576 /* Debug */,
				6077326924AEFA7300192576 /* Release */,
			);
			defaultConfigurationIsVisible = 0;
			defaultConfigurationName = Release;
		};
/* End XCConfigurationList section */
	};
	rootObject = 6077324624AEFA7100192576 /* Project object */;
}
